
Microsoft Visual Studio Solution File, Format Version 12.00
# Visual Studio 15
VisualStudioVersion = 15.0.27428.2043
MinimumVisualStudioVersion = 10.0.40219.1
Project("{00D1A9C2-B5F0-4AF3-8072-F6C62B433612}") = "SupportDB", "SupportDB\SupportDB.sqlproj", "{4F57BB12-9CE4-46F5-98B7-4A836BA3F95B}"
EndProject
Project("{FAE04EC0-301F-11D3-BF4B-00C04F79EFBC}") = "SupportWebApp", "SupportWebApp\SupportWebApp.csproj", "{25C4DE53-E739-4CD8-8C11-84A20726B311}"
EndProject
Project("{FAE04EC0-301F-11D3-BF4B-00C04F79EFBC}") = "SupportWebApp.Tests", "SupportWebApp.Tests\SupportWebApp.Tests.csproj", "{16C4C7CC-05D1-42F5-AAE0-D9347EBA3477}"
EndProject
Project("{FAE04EC0-301F-11D3-BF4B-00C04F79EFBC}") = "SupportForm", "SupportForm\SupportForm.csproj", "{140F5519-F7B1-430C-B191-7E9B62B691BA}"
EndProject
Global
	GlobalSection(SolutionConfigurationPlatforms) = preSolution
		Debug|Any CPU = Debug|Any CPU
		Release|Any CPU = Release|Any CPU
	EndGlobalSection
	GlobalSection(ProjectConfigurationPlatforms) = postSolution
		{4F57BB12-9CE4-46F5-98B7-4A836BA3F95B}.Debug|Any CPU.ActiveCfg = Debug|Any CPU
		{4F57BB12-9CE4-46F5-98B7-4A836BA3F95B}.Debug|Any CPU.Build.0 = Debug|Any CPU
		{4F57BB12-9CE4-46F5-98B7-4A836BA3F95B}.Debug|Any CPU.Deploy.0 = Debug|Any CPU
		{4F57BB12-9CE4-46F5-98B7-4A836BA3F95B}.Release|Any CPU.ActiveCfg = Release|Any CPU
		{4F57BB12-9CE4-46F5-98B7-4A836BA3F95B}.Release|Any CPU.Build.0 = Release|Any CPU
		{4F57BB12-9CE4-46F5-98B7-4A836BA3F95B}.Release|Any CPU.Deploy.0 = Release|Any CPU
		{25C4DE53-E739-4CD8-8C11-84A20726B311}.Debug|Any CPU.ActiveCfg = Debug|Any CPU
		{25C4DE53-E739-4CD8-8C11-84A20726B311}.Debug|Any CPU.Build.0 = Debug|Any CPU
		{25C4DE53-E739-4CD8-8C11-84A20726B311}.Release|Any CPU.ActiveCfg = Release|Any CPU
		{25C4DE53-E739-4CD8-8C11-84A20726B311}.Release|Any CPU.Build.0 = Release|Any CPU
		{16C4C7CC-05D1-42F5-AAE0-D9347EBA3477}.Debug|Any CPU.ActiveCfg = Debug|Any CPU
		{16C4C7CC-05D1-42F5-AAE0-D9347EBA3477}.Debug|Any CPU.Build.0 = Debug|Any CPU
		{16C4C7CC-05D1-42F5-AAE0-D9347EBA3477}.Release|Any CPU.ActiveCfg = Release|Any CPU
		{16C4C7CC-05D1-42F5-AAE0-D9347EBA3477}.Release|Any CPU.Build.0 = Release|Any CPU
		{140F5519-F7B1-430C-B191-7E9B62B691BA}.Debug|Any CPU.ActiveCfg = Debug|Any CPU
		{140F5519-F7B1-430C-B191-7E9B62B691BA}.Debug|Any CPU.Build.0 = Debug|Any CPU
		{140F5519-F7B1-430C-B191-7E9B62B691BA}.Release|Any CPU.ActiveCfg = Release|Any CPU
		{140F5519-F7B1-430C-B191-7E9B62B691BA}.Release|Any CPU.Build.0 = Release|Any CPU
	EndGlobalSection
	GlobalSection(SolutionProperties) = preSolution
		HideSolutionNode = FALSE
	EndGlobalSection
	GlobalSection(ExtensibilityGlobals) = postSolution
		SolutionGuid = {72C22F9E-24F0-417D-96A0-5A1C7B195F6C}
	EndGlobalSection
EndGlobal
